// !$*UTF8*$!
{
	archiveVersion = 1;
	classes = {
	};
	objectVersion = 56;
	objects = {

/* Begin PBXBuildFile section */
		07398C4F2A120AFA0059FADB /* EarthQuackApp.swift in Sources */ = {isa = PBXBuildFile; fileRef = 07398C4E2A120AFA0059FADB /* EarthQuackApp.swift */; };
		07398C512A120AFA0059FADB /* EarthquakeView.swift in Sources */ = {isa = PBXBuildFile; fileRef = 07398C502A120AFA0059FADB /* EarthquakeView.swift */; };
		07398C532A120AFB0059FADB /* Assets.xcassets in Resources */ = {isa = PBXBuildFile; fileRef = 07398C522A120AFB0059FADB /* Assets.xcassets */; };
		07398C572A120AFB0059FADB /* Preview Assets.xcassets in Resources */ = {isa = PBXBuildFile; fileRef = 07398C562A120AFB0059FADB /* Preview Assets.xcassets */; };
		07398C612A120BB50059FADB /* Earthquake.swift in Sources */ = {isa = PBXBuildFile; fileRef = 07398C602A120BB50059FADB /* Earthquake.swift */; };
		07398C632A121C9D0059FADB /* NetworkService.swift in Sources */ = {isa = PBXBuildFile; fileRef = 07398C622A121C9D0059FADB /* NetworkService.swift */; };
		07398C652A12200C0059FADB /* StateController.swift in Sources */ = {isa = PBXBuildFile; fileRef = 07398C642A12200C0059FADB /* StateController.swift */; };
		07398C672A1221E10059FADB /* EarthquakeResults.swift in Sources */ = {isa = PBXBuildFile; fileRef = 07398C662A1221E10059FADB /* EarthquakeResults.swift */; };
		07398C692A12241B0059FADB /* Launch Screen.storyboard in Resources */ = {isa = PBXBuildFile; fileRef = 07398C682A12241B0059FADB /* Launch Screen.storyboard */; };
		07398C6B2A12AEED0059FADB /* RootValues.swift in Sources */ = {isa = PBXBuildFile; fileRef = 07398C6A2A12AEED0059FADB /* RootValues.swift */; };
		073CF6A82A14A5E000DF009F /* EarthquakeDetail.swift in Sources */ = {isa = PBXBuildFile; fileRef = 073CF6A72A14A5E000DF009F /* EarthquakeDetail.swift */; };
		073CF6AA2A14B9DC00DF009F /* EarthquakeDetailView.swift in Sources */ = {isa = PBXBuildFile; fileRef = 073CF6A92A14B9DC00DF009F /* EarthquakeDetailView.swift */; };
		07BD16592A13811700E9EFE7 /* EarthquakeMapDetailView.swift in Sources */ = {isa = PBXBuildFile; fileRef = 07BD16582A13811700E9EFE7 /* EarthquakeMapDetailView.swift */; };
		07BD16762A13CE7B00E9EFE7 /* EarthquakeUserView.swift in Sources */ = {isa = PBXBuildFile; fileRef = 07BD16752A13CE7B00E9EFE7 /* EarthquakeUserView.swift */; };
/* End PBXBuildFile section */

/* Begin PBXFileReference section */
		07398C4B2A120AFA0059FADB /* EarthQuack.app */ = {isa = PBXFileReference; explicitFileType = wrapper.application; includeInIndex = 0; path = EarthQuack.app; sourceTree = BUILT_PRODUCTS_DIR; };
		07398C4E2A120AFA0059FADB /* EarthQuackApp.swift */ = {isa = PBXFileReference; lastKnownFileType = sourcecode.swift; path = EarthQuackApp.swift; sourceTree = "<group>"; };
		07398C502A120AFA0059FADB /* EarthquakeView.swift */ = {isa = PBXFileReference; lastKnownFileType = sourcecode.swift; path = EarthquakeView.swift; sourceTree = "<group>"; };
		07398C522A120AFB0059FADB /* Assets.xcassets */ = {isa = PBXFileReference; lastKnownFileType = folder.assetcatalog; path = Assets.xcassets; sourceTree = "<group>"; };
		07398C542A120AFB0059FADB /* EarthQuack.entitlements */ = {isa = PBXFileReference; lastKnownFileType = text.plist.entitlements; path = EarthQuack.entitlements; sourceTree = "<group>"; };
		07398C562A120AFB0059FADB /* Preview Assets.xcassets */ = {isa = PBXFileReference; lastKnownFileType = folder.assetcatalog; path = "Preview Assets.xcassets"; sourceTree = "<group>"; };
		07398C602A120BB50059FADB /* Earthquake.swift */ = {isa = PBXFileReference; lastKnownFileType = sourcecode.swift; path = Earthquake.swift; sourceTree = "<group>"; };
		07398C622A121C9D0059FADB /* NetworkService.swift */ = {isa = PBXFileReference; lastKnownFileType = sourcecode.swift; path = NetworkService.swift; sourceTree = "<group>"; };
		07398C642A12200C0059FADB /* StateController.swift */ = {isa = PBXFileReference; lastKnownFileType = sourcecode.swift; path = StateController.swift; sourceTree = "<group>"; };
		07398C662A1221E10059FADB /* EarthquakeResults.swift */ = {isa = PBXFileReference; lastKnownFileType = sourcecode.swift; path = EarthquakeResults.swift; sourceTree = "<group>"; };
		07398C682A12241B0059FADB /* Launch Screen.storyboard */ = {isa = PBXFileReference; lastKnownFileType = file.storyboard; path = "Launch Screen.storyboard"; sourceTree = "<group>"; };
		07398C6A2A12AEED0059FADB /* RootValues.swift */ = {isa = PBXFileReference; lastKnownFileType = sourcecode.swift; path = RootValues.swift; sourceTree = "<group>"; };
		073CF6A72A14A5E000DF009F /* EarthquakeDetail.swift */ = {isa = PBXFileReference; lastKnownFileType = sourcecode.swift; path = EarthquakeDetail.swift; sourceTree = "<group>"; };
		073CF6A92A14B9DC00DF009F /* EarthquakeDetailView.swift */ = {isa = PBXFileReference; lastKnownFileType = sourcecode.swift; path = EarthquakeDetailView.swift; sourceTree = "<group>"; };
		073CF6AB2A14F50700DF009F /* README.txt */ = {isa = PBXFileReference; lastKnownFileType = text; path = README.txt; sourceTree = "<group>"; };
		07BD16582A13811700E9EFE7 /* EarthquakeMapDetailView.swift */ = {isa = PBXFileReference; lastKnownFileType = sourcecode.swift; path = EarthquakeMapDetailView.swift; sourceTree = "<group>"; };
		07BD16752A13CE7B00E9EFE7 /* EarthquakeUserView.swift */ = {isa = PBXFileReference; lastKnownFileType = sourcecode.swift; path = EarthquakeUserView.swift; sourceTree = "<group>"; };
/* End PBXFileReference section */

/* Begin PBXFrameworksBuildPhase section */
		07398C482A120AFA0059FADB /* Frameworks */ = {
			isa = PBXFrameworksBuildPhase;
			buildActionMask = 2147483647;
			files = (
			);
			runOnlyForDeploymentPostprocessing = 0;
		};
/* End PBXFrameworksBuildPhase section */

/* Begin PBXGroup section */
		07398C422A120AFA0059FADB = {
			isa = PBXGroup;
			children = (
				07398C4D2A120AFA0059FADB /* EarthQuack */,
				07398C4C2A120AFA0059FADB /* Products */,
			);
			sourceTree = "<group>";
		};
		07398C4C2A120AFA0059FADB /* Products */ = {
			isa = PBXGroup;
			children = (
				07398C4B2A120AFA0059FADB /* EarthQuack.app */,
			);
			name = Products;
			sourceTree = "<group>";
		};
		07398C4D2A120AFA0059FADB /* EarthQuack */ = {
			isa = PBXGroup;
			children = (
				07398C5F2A120B5E0059FADB /* X */,
				07398C5E2A120B2B0059FADB /* Views */,
				07398C5D2A120B090059FADB /* Models */,
				07398C4E2A120AFA0059FADB /* EarthQuackApp.swift */,
				073CF6AB2A14F50700DF009F /* README.txt */,
				07398C682A12241B0059FADB /* Launch Screen.storyboard */,
				07398C522A120AFB0059FADB /* Assets.xcassets */,
				07398C542A120AFB0059FADB /* EarthQuack.entitlements */,
				07398C552A120AFB0059FADB /* Preview Content */,
			);
			path = EarthQuack;
			sourceTree = "<group>";
		};
		07398C552A120AFB0059FADB /* Preview Content */ = {
			isa = PBXGroup;
			children = (
				07398C562A120AFB0059FADB /* Preview Assets.xcassets */,
			);
			path = "Preview Content";
			sourceTree = "<group>";
		};
		07398C5D2A120B090059FADB /* Models */ = {
			isa = PBXGroup;
			children = (
				07398C602A120BB50059FADB /* Earthquake.swift */,
				07398C662A1221E10059FADB /* EarthquakeResults.swift */,
				073CF6A72A14A5E000DF009F /* EarthquakeDetail.swift */,
			);
			path = Models;
			sourceTree = "<group>";
		};
		07398C5E2A120B2B0059FADB /* Views */ = {
			isa = PBXGroup;
			children = (
				07398C502A120AFA0059FADB /* EarthquakeView.swift */,
				07BD16582A13811700E9EFE7 /* EarthquakeMapDetailView.swift */,
				073CF6A92A14B9DC00DF009F /* EarthquakeDetailView.swift */,
				07BD16752A13CE7B00E9EFE7 /* EarthquakeUserView.swift */,
			);
			path = Views;
			sourceTree = "<group>";
		};
		07398C5F2A120B5E0059FADB /* X */ = {
			isa = PBXGroup;
			children = (
				07398C622A121C9D0059FADB /* NetworkService.swift */,
				07398C642A12200C0059FADB /* StateController.swift */,
				07398C6A2A12AEED0059FADB /* RootValues.swift */,
			);
			path = X;
			sourceTree = "<group>";
		};
/* End PBXGroup section */

/* Begin PBXNativeTarget section */
		07398C4A2A120AFA0059FADB /* EarthQuack */ = {
			isa = PBXNativeTarget;
			buildConfigurationList = 07398C5A2A120AFB0059FADB /* Build configuration list for PBXNativeTarget "EarthQuack" */;
			buildPhases = (
				07398C472A120AFA0059FADB /* Sources */,
				07398C482A120AFA0059FADB /* Frameworks */,
				07398C492A120AFA0059FADB /* Resources */,
			);
			buildRules = (
			);
			dependencies = (
			);
			name = EarthQuack;
			productName = EarthQuack;
			productReference = 07398C4B2A120AFA0059FADB /* EarthQuack.app */;
			productType = "com.apple.product-type.application";
		};
/* End PBXNativeTarget section */

/* Begin PBXProject section */
		07398C432A120AFA0059FADB /* Project object */ = {
			isa = PBXProject;
			attributes = {
				BuildIndependentTargetsInParallel = 1;
				LastSwiftUpdateCheck = 1430;
				LastUpgradeCheck = 1430;
				TargetAttributes = {
					07398C4A2A120AFA0059FADB = {
						CreatedOnToolsVersion = 14.3;
					};
				};
			};
			buildConfigurationList = 07398C462A120AFA0059FADB /* Build configuration list for PBXProject "EarthQuack" */;
			compatibilityVersion = "Xcode 14.0";
			developmentRegion = en;
			hasScannedForEncodings = 0;
			knownRegions = (
				en,
				Base,
			);
			mainGroup = 07398C422A120AFA0059FADB;
			productRefGroup = 07398C4C2A120AFA0059FADB /* Products */;
			projectDirPath = "";
			projectRoot = "";
			targets = (
				07398C4A2A120AFA0059FADB /* EarthQuack */,
			);
		};
/* End PBXProject section */

/* Begin PBXResourcesBuildPhase section */
		07398C492A120AFA0059FADB /* Resources */ = {
			isa = PBXResourcesBuildPhase;
			buildActionMask = 2147483647;
			files = (
				07398C692A12241B0059FADB /* Launch Screen.storyboard in Resources */,
				07398C572A120AFB0059FADB /* Preview Assets.xcassets in Resources */,
				07398C532A120AFB0059FADB /* Assets.xcassets in Resources */,
			);
			runOnlyForDeploymentPostprocessing = 0;
		};
/* End PBXResourcesBuildPhase section */

/* Begin PBXSourcesBuildPhase section */
		07398C472A120AFA0059FADB /* Sources */ = {
			isa = PBXSourcesBuildPhase;
			buildActionMask = 2147483647;
			files = (
				07398C512A120AFA0059FADB /* EarthquakeView.swift in Sources */,
				073CF6A82A14A5E000DF009F /* EarthquakeDetail.swift in Sources */,
				07398C672A1221E10059FADB /* EarthquakeResults.swift in Sources */,
				07398C612A120BB50059FADB /* Earthquake.swift in Sources */,
				07BD16762A13CE7B00E9EFE7 /* EarthquakeUserView.swift in Sources */,
				07398C632A121C9D0059FADB /* NetworkService.swift in Sources */,
				07398C6B2A12AEED0059FADB /* RootValues.swift in Sources */,
				07398C4F2A120AFA0059FADB /* EarthQuackApp.swift in Sources */,
				073CF6AA2A14B9DC00DF009F /* EarthquakeDetailView.swift in Sources */,
				07BD16592A13811700E9EFE7 /* EarthquakeMapDetailView.swift in Sources */,
				07398C652A12200C0059FADB /* StateController.swift in Sources */,
			);
			runOnlyForDeploymentPostprocessing = 0;
		};
/* End PBXSourcesBuildPhase section */

/* Begin XCBuildConfiguration section */
		07398C582A120AFB0059FADB /* Debug */ = {
			isa = XCBuildConfiguration;
			buildSettings = {
				ALWAYS_SEARCH_USER_PATHS = NO;
				CLANG_ANALYZER_NONNULL = YES;
				CLANG_ANALYZER_NUMBER_OBJECT_CONVERSION = YES_AGGRESSIVE;
				CLANG_CXX_LANGUAGE_STANDARD = "gnu++20";
				CLANG_ENABLE_MODULES = YES;
				CLANG_ENABLE_OBJC_ARC = YES;
				CLANG_ENABLE_OBJC_WEAK = YES;
				CLANG_WARN_BLOCK_CAPTURE_AUTORELEASING = YES;
				CLANG_WARN_BOOL_CONVERSION = YES;
				CLANG_WARN_COMMA = YES;
				CLANG_WARN_CONSTANT_CONVERSION = YES;
				CLANG_WARN_DEPRECATED_OBJC_IMPLEMENTATIONS = YES;
				CLANG_WARN_DIRECT_OBJC_ISA_USAGE = YES_ERROR;
				CLANG_WARN_DOCUMENTATION_COMMENTS = YES;
				CLANG_WARN_EMPTY_BODY = YES;
				CLANG_WARN_ENUM_CONVERSION = YES;
				CLANG_WARN_INFINITE_RECURSION = YES;
				CLANG_WARN_INT_CONVERSION = YES;
				CLANG_WARN_NON_LITERAL_NULL_CONVERSION = YES;
				CLANG_WARN_OBJC_IMPLICIT_RETAIN_SELF = YES;
				CLANG_WARN_OBJC_LITERAL_CONVERSION = YES;
				CLANG_WARN_OBJC_ROOT_CLASS = YES_ERROR;
				CLANG_WARN_QUOTED_INCLUDE_IN_FRAMEWORK_HEADER = YES;
				CLANG_WARN_RANGE_LOOP_ANALYSIS = YES;
				CLANG_WARN_STRICT_PROTOTYPES = YES;
				CLANG_WARN_SUSPICIOUS_MOVE = YES;
				CLANG_WARN_UNGUARDED_AVAILABILITY = YES_AGGRESSIVE;
				CLANG_WARN_UNREACHABLE_CODE = YES;
				CLANG_WARN__DUPLICATE_METHOD_MATCH = YES;
				COPY_PHASE_STRIP = NO;
				DEBUG_INFORMATION_FORMAT = dwarf;
				ENABLE_STRICT_OBJC_MSGSEND = YES;
				ENABLE_TESTABILITY = YES;
				GCC_C_LANGUAGE_STANDARD = gnu11;
				GCC_DYNAMIC_NO_PIC = NO;
				GCC_NO_COMMON_BLOCKS = YES;
				GCC_OPTIMIZATION_LEVEL = 0;
				GCC_PREPROCESSOR_DEFINITIONS = (
					"DEBUG=1",
					"$(inherited)",
				);
				GCC_WARN_64_TO_32_BIT_CONVERSION = YES;
				GCC_WARN_ABOUT_RETURN_TYPE = YES_ERROR;
				GCC_WARN_UNDECLARED_SELECTOR = YES;
				GCC_WARN_UNINITIALIZED_AUTOS = YES_AGGRESSIVE;
				GCC_WARN_UNUSED_FUNCTION = YES;
				GCC_WARN_UNUSED_VARIABLE = YES;
				MTL_ENABLE_DEBUG_INFO = INCLUDE_SOURCE;
				MTL_FAST_MATH = YES;
				ONLY_ACTIVE_ARCH = YES;
				SWIFT_ACTIVE_COMPILATION_CONDITIONS = DEBUG;
				SWIFT_OPTIMIZATION_LEVEL = "-Onone";
			};
			name = Debug;
		};
		07398C592A120AFB0059FADB /* Release */ = {
			isa = XCBuildConfiguration;
			buildSettings = {
				ALWAYS_SEARCH_USER_PATHS = NO;
				CLANG_ANALYZER_NONNULL = YES;
				CLANG_ANALYZER_NUMBER_OBJECT_CONVERSION = YES_AGGRESSIVE;
				CLANG_CXX_LANGUAGE_STANDARD = "gnu++20";
				CLANG_ENABLE_MODULES = YES;
				CLANG_ENABLE_OBJC_ARC = YES;
				CLANG_ENABLE_OBJC_WEAK = YES;
				CLANG_WARN_BLOCK_CAPTURE_AUTORELEASING = YES;
				CLANG_WARN_BOOL_CONVERSION = YES;
				CLANG_WARN_COMMA = YES;
				CLANG_WARN_CONSTANT_CONVERSION = YES;
				CLANG_WARN_DEPRECATED_OBJC_IMPLEMENTATIONS = YES;
				CLANG_WARN_DIRECT_OBJC_ISA_USAGE = YES_ERROR;
				CLANG_WARN_DOCUMENTATION_COMMENTS = YES;
				CLANG_WARN_EMPTY_BODY = YES;
				CLANG_WARN_ENUM_CONVERSION = YES;
				CLANG_WARN_INFINITE_RECURSION = YES;
				CLANG_WARN_INT_CONVERSION = YES;
				CLANG_WARN_NON_LITERAL_NULL_CONVERSION = YES;
				CLANG_WARN_OBJC_IMPLICIT_RETAIN_SELF = YES;
				CLANG_WARN_OBJC_LITERAL_CONVERSION = YES;
				CLANG_WARN_OBJC_ROOT_CLASS = YES_ERROR;
				CLANG_WARN_QUOTED_INCLUDE_IN_FRAMEWORK_HEADER = YES;
				CLANG_WARN_RANGE_LOOP_ANALYSIS = YES;
				CLANG_WARN_STRICT_PROTOTYPES = YES;
				CLANG_WARN_SUSPICIOUS_MOVE = YES;
				CLANG_WARN_UNGUARDED_AVAILABILITY = YES_AGGRESSIVE;
				CLANG_WARN_UNREACHABLE_CODE = YES;
				CLANG_WARN__DUPLICATE_METHOD_MATCH = YES;
				COPY_PHASE_STRIP = NO;
				DEBUG_INFORMATION_FORMAT = "dwarf-with-dsym";
				ENABLE_NS_ASSERTIONS = NO;
				ENABLE_STRICT_OBJC_MSGSEND = YES;
				GCC_C_LANGUAGE_STANDARD = gnu11;
				GCC_NO_COMMON_BLOCKS = YES;
				GCC_WARN_64_TO_32_BIT_CONVERSION = YES;
				GCC_WARN_ABOUT_RETURN_TYPE = YES_ERROR;
				GCC_WARN_UNDECLARED_SELECTOR = YES;
				GCC_WARN_UNINITIALIZED_AUTOS = YES_AGGRESSIVE;
				GCC_WARN_UNUSED_FUNCTION = YES;
				GCC_WARN_UNUSED_VARIABLE = YES;
				MTL_ENABLE_DEBUG_INFO = NO;
				MTL_FAST_MATH = YES;
				SWIFT_COMPILATION_MODE = wholemodule;
				SWIFT_OPTIMIZATION_LEVEL = "-O";
			};
			name = Release;
		};
		07398C5B2A120AFB0059FADB /* Debug */ = {
			isa = XCBuildConfiguration;
			buildSettings = {
				ASSETCATALOG_COMPILER_APPICON_NAME = AppIcon;
				ASSETCATALOG_COMPILER_GLOBAL_ACCENT_COLOR_NAME = AccentColor;
				CODE_SIGN_ENTITLEMENTS = EarthQuack/EarthQuack.entitlements;
				CODE_SIGN_STYLE = Automatic;
				CURRENT_PROJECT_VERSION = 1;
				DEVELOPMENT_ASSET_PATHS = "\"EarthQuack/Preview Content\"";
				ENABLE_PREVIEWS = YES;
				GENERATE_INFOPLIST_FILE = YES;
				"INFOPLIST_KEY_UIApplicationSceneManifest_Generation[sdk=iphoneos*]" = YES;
				"INFOPLIST_KEY_UIApplicationSceneManifest_Generation[sdk=iphonesimulator*]" = YES;
				"INFOPLIST_KEY_UIApplicationSupportsIndirectInputEvents[sdk=iphoneos*]" = YES;
				"INFOPLIST_KEY_UIApplicationSupportsIndirectInputEvents[sdk=iphonesimulator*]" = YES;
				"INFOPLIST_KEY_UILaunchScreen_Generation[sdk=iphoneos*]" = YES;
				"INFOPLIST_KEY_UILaunchScreen_Generation[sdk=iphonesimulator*]" = YES;
				INFOPLIST_KEY_UILaunchStoryboardName = "Launch Screen.storyboard";
				"INFOPLIST_KEY_UIStatusBarStyle[sdk=iphoneos*]" = UIStatusBarStyleDefault;
				"INFOPLIST_KEY_UIStatusBarStyle[sdk=iphonesimulator*]" = UIStatusBarStyleDefault;
				INFOPLIST_KEY_UISupportedInterfaceOrientations_iPad = "UIInterfaceOrientationPortrait UIInterfaceOrientationPortraitUpsideDown UIInterfaceOrientationLandscapeLeft UIInterfaceOrientationLandscapeRight";
				INFOPLIST_KEY_UISupportedInterfaceOrientations_iPhone = "UIInterfaceOrientationPortrait UIInterfaceOrientationLandscapeLeft UIInterfaceOrientationLandscapeRight";
				IPHONEOS_DEPLOYMENT_TARGET = 16.4;
				LD_RUNPATH_SEARCH_PATHS = "@executable_path/Frameworks";
				"LD_RUNPATH_SEARCH_PATHS[sdk=macosx*]" = "@executable_path/../Frameworks";
				MACOSX_DEPLOYMENT_TARGET = 13.3;
				MARKETING_VERSION = 1.0;
				PRODUCT_BUNDLE_IDENTIFIER = dk.eaaa.dmu.max.EarthQuack;
				PRODUCT_NAME = "$(TARGET_NAME)";
				SDKROOT = auto;
				SUPPORTED_PLATFORMS = "iphoneos iphonesimulator";
				SUPPORTS_MACCATALYST = NO;
				SUPPORTS_MAC_DESIGNED_FOR_IPHONE_IPAD = NO;
				SWIFT_EMIT_LOC_STRINGS = YES;
				SWIFT_VERSION = 5.0;
				TARGETED_DEVICE_FAMILY = "1,2";
			};
			name = Debug;
		};
		07398C5C2A120AFB0059FADB /* Release */ = {
			isa = XCBuildConfiguration;
			buildSettings = {
				ASSETCATALOG_COMPILER_APPICON_NAME = AppIcon;
				ASSETCATALOG_COMPILER_GLOBAL_ACCENT_COLOR_NAME = AccentColor;
				CODE_SIGN_ENTITLEMENTS = EarthQuack/EarthQuack.entitlements;
				CODE_SIGN_STYLE = Automatic;
				CURRENT_PROJECT_VERSION = 1;
				DEVELOPMENT_ASSET_PATHS = "\"EarthQuack/Preview Content\"";
				ENABLE_PREVIEWS = YES;
				GENERATE_INFOPLIST_FILE = YES;
				"INFOPLIST_KEY_UIApplicationSceneManifest_Generation[sdk=iphoneos*]" = YES;
				"INFOPLIST_KEY_UIApplicationSceneManifest_Generation[sdk=iphonesimulator*]" = YES;
				"INFOPLIST_KEY_UIApplicationSupportsIndirectInputEvents[sdk=iphoneos*]" = YES;
				"INFOPLIST_KEY_UIApplicationSupportsIndirectInputEvents[sdk=iphonesimulator*]" = YES;
				"INFOPLIST_KEY_UILaunchScreen_Generation[sdk=iphoneos*]" = YES;
				"INFOPLIST_KEY_UILaunchScreen_Generation[sdk=iphonesimulator*]" = YES;
				INFOPLIST_KEY_UILaunchStoryboardName = "Launch Screen.storyboard";
				"INFOPLIST_KEY_UIStatusBarStyle[sdk=iphoneos*]" = UIStatusBarStyleDefault;
				"INFOPLIST_KEY_UIStatusBarStyle[sdk=iphonesimulator*]" = UIStatusBarStyleDefault;
				INFOPLIST_KEY_UISupportedInterfaceOrientations_iPad = "UIInterfaceOrientationPortrait UIInterfaceOrientationPortraitUpsideDown UIInterfaceOrientationLandscapeLeft UIInterfaceOrientationLandscapeRight";
				INFOPLIST_KEY_UISupportedInterfaceOrientations_iPhone = "UIInterfaceOrientationPortrait UIInterfaceOrientationLandscapeLeft UIInterfaceOrientationLandscapeRight";
				IPHONEOS_DEPLOYMENT_TARGET = 16.4;
				LD_RUNPATH_SEARCH_PATHS = "@executable_path/Frameworks";
				"LD_RUNPATH_SEARCH_PATHS[sdk=macosx*]" = "@executable_path/../Frameworks";
				MACOSX_DEPLOYMENT_TARGET = 13.3;
				MARKETING_VERSION = 1.0;
				PRODUCT_BUNDLE_IDENTIFIER = dk.eaaa.dmu.max.EarthQuack;
				PRODUCT_NAME = "$(TARGET_NAME)";
				SDKROOT = auto;
				SUPPORTED_PLATFORMS = "iphoneos iphonesimulator";
				SUPPORTS_MACCATALYST = NO;
				SUPPORTS_MAC_DESIGNED_FOR_IPHONE_IPAD = NO;
				SWIFT_EMIT_LOC_STRINGS = YES;
				SWIFT_VERSION = 5.0;
				TARGETED_DEVICE_FAMILY = "1,2";
			};
			name = Release;
		};
/* End XCBuildConfiguration section */

/* Begin XCConfigurationList section */
		07398C462A120AFA0059FADB /* Build configuration list for PBXProject "EarthQuack" */ = {
			isa = XCConfigurationList;
			buildConfigurations = (
				07398C582A120AFB0059FADB /* Debug */,
				07398C592A120AFB0059FADB /* Release */,
			);
			defaultConfigurationIsVisible = 0;
			defaultConfigurationName = Release;
		};
		07398C5A2A120AFB0059FADB /* Build configuration list for PBXNativeTarget "EarthQuack" */ = {
			isa = XCConfigurationList;
			buildConfigurations = (
				07398C5B2A120AFB0059FADB /* Debug */,
				07398C5C2A120AFB0059FADB /* Release */,
			);
			defaultConfigurationIsVisible = 0;
			defaultConfigurationName = Release;
		};
/* End XCConfigurationList section */
	};
	rootObject = 07398C432A120AFA0059FADB /* Project object */;
}
